
Microsoft Visual Studio Solution File, Format Version 12.00
# Visual Studio Version 16
VisualStudioVersion = 16.0.31129.286
MinimumVisualStudioVersion = 10.0.40219.1
Project("{9A19103F-16F7-4668-BE54-9A1E7A4F7556}") = "MultiplicationTable", "MultiplicationTable\MultiplicationTable.csproj", "{7A720AD8-8111-4B9D-8D5D-BFB0A07AF977}"
EndProject
Project("{9A19103F-16F7-4668-BE54-9A1E7A4F7556}") = "MultiplicationTableRandomQuiz", "MultiplicationTableRandomQuiz\MultiplicationTableRandomQuiz.csproj", "{851D5512-C9EA-495A-939C-06B3F096D77B}"
EndProject
Project("{9A19103F-16F7-4668-BE54-9A1E7A4F7556}") = "ExitQuestion", "ExitQuestion\ExitQuestion.csproj", "{3CA69645-BCE2-4963-96F7-7337376EB51B}"
EndProject
Project("{9A19103F-16F7-4668-BE54-9A1E7A4F7556}") = "클래스 2.상속", "클래스 1.상속\클래스 2.상속.csproj", "{E36CCF0A-F5BB-4F35-9523-0C9279D95D58}"
EndProject
Project("{9A19103F-16F7-4668-BE54-9A1E7A4F7556}") = "클래스 3.접근한정자", "클래스 1.접근한정자\클래스 3.접근한정자.csproj", "{8D677B94-C478-46F9-B13D-DF2296053A30}"
EndProject
Project("{9A19103F-16F7-4668-BE54-9A1E7A4F7556}") = "클래스 2.상속된 멤버 숨기기", "클래스 2.상속된 멤버 숨기기\클래스 2.상속된 멤버 숨기기.csproj", "{71FFBA1C-57F3-4E70-AF41-18A4A9DAD71A}"
EndProject
Project("{9A19103F-16F7-4668-BE54-9A1E7A4F7556}") = "ListSample", "ListSample\ListSample.csproj", "{431CE003-C395-4613-A14B-E38DFDC74438}"
EndProject
Project("{9A19103F-16F7-4668-BE54-9A1E7A4F7556}") = "클래스 1.생성자", "클래스 1.생성자\클래스 1.생성자.csproj", "{B72FE735-526D-4053-81D9-366920294FBE}"
EndProject
Project("{9A19103F-16F7-4668-BE54-9A1E7A4F7556}") = "enum과 swich", "enum과 swich\enum과 swich.csproj", "{D441846E-4D24-487A-B05F-1DF4581544FF}"
EndProject
Project("{9A19103F-16F7-4668-BE54-9A1E7A4F7556}") = "클래스와 인터페이스 동시에 상속", "클래스와 인터페이스 동시에 상속\클래스와 인터페이스 동시에 상속.csproj", "{816FFE4B-E4B2-405A-9E66-E7B566D2A19D}"
EndProject
Project("{FAE04EC0-301F-11D3-BF4B-00C04F79EFBC}") = "0.레벨테스트문제", "0.레벨테스트문제\0.레벨테스트문제.csproj", "{8AEAE098-3B9C-4224-9E48-EEF5FF6AD2A9}"
EndProject
Global
	GlobalSection(SolutionConfigurationPlatforms) = preSolution
		Debug|Any CPU = Debug|Any CPU
		Debug|x64 = Debug|x64
		Debug|x86 = Debug|x86
		Release|Any CPU = Release|Any CPU
		Release|x64 = Release|x64
		Release|x86 = Release|x86
	EndGlobalSection
	GlobalSection(ProjectConfigurationPlatforms) = postSolution
		{7A720AD8-8111-4B9D-8D5D-BFB0A07AF977}.Debug|Any CPU.ActiveCfg = Debug|Any CPU
		{7A720AD8-8111-4B9D-8D5D-BFB0A07AF977}.Debug|Any CPU.Build.0 = Debug|Any CPU
		{7A720AD8-8111-4B9D-8D5D-BFB0A07AF977}.Debug|x64.ActiveCfg = Debug|Any CPU
		{7A720AD8-8111-4B9D-8D5D-BFB0A07AF977}.Debug|x64.Build.0 = Debug|Any CPU
		{7A720AD8-8111-4B9D-8D5D-BFB0A07AF977}.Debug|x86.ActiveCfg = Debug|Any CPU
		{7A720AD8-8111-4B9D-8D5D-BFB0A07AF977}.Debug|x86.Build.0 = Debug|Any CPU
		{7A720AD8-8111-4B9D-8D5D-BFB0A07AF977}.Release|Any CPU.ActiveCfg = Release|Any CPU
		{7A720AD8-8111-4B9D-8D5D-BFB0A07AF977}.Release|Any CPU.Build.0 = Release|Any CPU
		{7A720AD8-8111-4B9D-8D5D-BFB0A07AF977}.Release|x64.ActiveCfg = Release|Any CPU
		{7A720AD8-8111-4B9D-8D5D-BFB0A07AF977}.Release|x64.Build.0 = Release|Any CPU
		{7A720AD8-8111-4B9D-8D5D-BFB0A07AF977}.Release|x86.ActiveCfg = Release|Any CPU
		{7A720AD8-8111-4B9D-8D5D-BFB0A07AF977}.Release|x86.Build.0 = Release|Any CPU
		{851D5512-C9EA-495A-939C-06B3F096D77B}.Debug|Any CPU.ActiveCfg = Debug|Any CPU
		{851D5512-C9EA-495A-939C-06B3F096D77B}.Debug|Any CPU.Build.0 = Debug|Any CPU
		{851D5512-C9EA-495A-939C-06B3F096D77B}.Debug|x64.ActiveCfg = Debug|Any CPU
		{851D5512-C9EA-495A-939C-06B3F096D77B}.Debug|x64.Build.0 = Debug|Any CPU
		{851D5512-C9EA-495A-939C-06B3F096D77B}.Debug|x86.ActiveCfg = Debug|Any CPU
		{851D5512-C9EA-495A-939C-06B3F096D77B}.Debug|x86.Build.0 = Debug|Any CPU
		{851D5512-C9EA-495A-939C-06B3F096D77B}.Release|Any CPU.ActiveCfg = Release|Any CPU
		{851D5512-C9EA-495A-939C-06B3F096D77B}.Release|Any CPU.Build.0 = Release|Any CPU
		{851D5512-C9EA-495A-939C-06B3F096D77B}.Release|x64.ActiveCfg = Release|Any CPU
		{851D5512-C9EA-495A-939C-06B3F096D77B}.Release|x64.Build.0 = Release|Any CPU
		{851D5512-C9EA-495A-939C-06B3F096D77B}.Release|x86.ActiveCfg = Release|Any CPU
		{851D5512-C9EA-495A-939C-06B3F096D77B}.Release|x86.Build.0 = Release|Any CPU
		{3CA69645-BCE2-4963-96F7-7337376EB51B}.Debug|Any CPU.ActiveCfg = Debug|Any CPU
		{3CA69645-BCE2-4963-96F7-7337376EB51B}.Debug|Any CPU.Build.0 = Debug|Any CPU
		{3CA69645-BCE2-4963-96F7-7337376EB51B}.Debug|x64.ActiveCfg = Debug|Any CPU
		{3CA69645-BCE2-4963-96F7-7337376EB51B}.Debug|x64.Build.0 = Debug|Any CPU
		{3CA69645-BCE2-4963-96F7-7337376EB51B}.Debug|x86.ActiveCfg = Debug|Any CPU
		{3CA69645-BCE2-4963-96F7-7337376EB51B}.Debug|x86.Build.0 = Debug|Any CPU
		{3CA69645-BCE2-4963-96F7-7337376EB51B}.Release|Any CPU.ActiveCfg = Release|Any CPU
		{3CA69645-BCE2-4963-96F7-7337376EB51B}.Release|Any CPU.Build.0 = Release|Any CPU
		{3CA69645-BCE2-4963-96F7-7337376EB51B}.Release|x64.ActiveCfg = Release|Any CPU
		{3CA69645-BCE2-4963-96F7-7337376EB51B}.Release|x64.Build.0 = Release|Any CPU
		{3CA69645-BCE2-4963-96F7-7337376EB51B}.Release|x86.ActiveCfg = Release|Any CPU
		{3CA69645-BCE2-4963-96F7-7337376EB51B}.Release|x86.Build.0 = Release|Any CPU
		{E36CCF0A-F5BB-4F35-9523-0C9279D95D58}.Debug|Any CPU.ActiveCfg = Debug|Any CPU
		{E36CCF0A-F5BB-4F35-9523-0C9279D95D58}.Debug|Any CPU.Build.0 = Debug|Any CPU
		{E36CCF0A-F5BB-4F35-9523-0C9279D95D58}.Debug|x64.ActiveCfg = Debug|Any CPU
		{E36CCF0A-F5BB-4F35-9523-0C9279D95D58}.Debug|x64.Build.0 = Debug|Any CPU
		{E36CCF0A-F5BB-4F35-9523-0C9279D95D58}.Debug|x86.ActiveCfg = Debug|Any CPU
		{E36CCF0A-F5BB-4F35-9523-0C9279D95D58}.Debug|x86.Build.0 = Debug|Any CPU
		{E36CCF0A-F5BB-4F35-9523-0C9279D95D58}.Release|Any CPU.ActiveCfg = Release|Any CPU
		{E36CCF0A-F5BB-4F35-9523-0C9279D95D58}.Release|Any CPU.Build.0 = Release|Any CPU
		{E36CCF0A-F5BB-4F35-9523-0C9279D95D58}.Release|x64.ActiveCfg = Release|Any CPU
		{E36CCF0A-F5BB-4F35-9523-0C9279D95D58}.Release|x64.Build.0 = Release|Any CPU
		{E36CCF0A-F5BB-4F35-9523-0C9279D95D58}.Release|x86.ActiveCfg = Release|Any CPU
		{E36CCF0A-F5BB-4F35-9523-0C9279D95D58}.Release|x86.Build.0 = Release|Any CPU
		{8D677B94-C478-46F9-B13D-DF2296053A30}.Debug|Any CPU.ActiveCfg = Debug|Any CPU
		{8D677B94-C478-46F9-B13D-DF2296053A30}.Debug|Any CPU.Build.0 = Debug|Any CPU
		{8D677B94-C478-46F9-B13D-DF2296053A30}.Debug|x64.ActiveCfg = Debug|Any CPU
		{8D677B94-C478-46F9-B13D-DF2296053A30}.Debug|x64.Build.0 = Debug|Any CPU
		{8D677B94-C478-46F9-B13D-DF2296053A30}.Debug|x86.ActiveCfg = Debug|Any CPU
		{8D677B94-C478-46F9-B13D-DF2296053A30}.Debug|x86.Build.0 = Debug|Any CPU
		{8D677B94-C478-46F9-B13D-DF2296053A30}.Release|Any CPU.ActiveCfg = Release|Any CPU
		{8D677B94-C478-46F9-B13D-DF2296053A30}.Release|Any CPU.Build.0 = Release|Any CPU
		{8D677B94-C478-46F9-B13D-DF2296053A30}.Release|x64.ActiveCfg = Release|Any CPU
		{8D677B94-C478-46F9-B13D-DF2296053A30}.Release|x64.Build.0 = Release|Any CPU
		{8D677B94-C478-46F9-B13D-DF2296053A30}.Release|x86.ActiveCfg = Release|Any CPU
		{8D677B94-C478-46F9-B13D-DF2296053A30}.Release|x86.Build.0 = Release|Any CPU
		{71FFBA1C-57F3-4E70-AF41-18A4A9DAD71A}.Debug|Any CPU.ActiveCfg = Debug|Any CPU
		{71FFBA1C-57F3-4E70-AF41-18A4A9DAD71A}.Debug|Any CPU.Build.0 = Debug|Any CPU
		{71FFBA1C-57F3-4E70-AF41-18A4A9DAD71A}.Debug|x64.ActiveCfg = Debug|Any CPU
		{71FFBA1C-57F3-4E70-AF41-18A4A9DAD71A}.Debug|x64.Build.0 = Debug|Any CPU
		{71FFBA1C-57F3-4E70-AF41-18A4A9DAD71A}.Debug|x86.ActiveCfg = Debug|Any CPU
		{71FFBA1C-57F3-4E70-AF41-18A4A9DAD71A}.Debug|x86.Build.0 = Debug|Any CPU
		{71FFBA1C-57F3-4E70-AF41-18A4A9DAD71A}.Release|Any CPU.ActiveCfg = Release|Any CPU
		{71FFBA1C-57F3-4E70-AF41-18A4A9DAD71A}.Release|Any CPU.Build.0 = Release|Any CPU
		{71FFBA1C-57F3-4E70-AF41-18A4A9DAD71A}.Release|x64.ActiveCfg = Release|Any CPU
		{71FFBA1C-57F3-4E70-AF41-18A4A9DAD71A}.Release|x64.Build.0 = Release|Any CPU
		{71FFBA1C-57F3-4E70-AF41-18A4A9DAD71A}.Release|x86.ActiveCfg = Release|Any CPU
		{71FFBA1C-57F3-4E70-AF41-18A4A9DAD71A}.Release|x86.Build.0 = Release|Any CPU
		{431CE003-C395-4613-A14B-E38DFDC74438}.Debug|Any CPU.ActiveCfg = Debug|Any CPU
		{431CE003-C395-4613-A14B-E38DFDC74438}.Debug|Any CPU.Build.0 = Debug|Any CPU
		{431CE003-C395-4613-A14B-E38DFDC74438}.Debug|x64.ActiveCfg = Debug|Any CPU
		{431CE003-C395-4613-A14B-E38DFDC74438}.Debug|x64.Build.0 = Debug|Any CPU
		{431CE003-C395-4613-A14B-E38DFDC74438}.Debug|x86.ActiveCfg = Debug|Any CPU
		{431CE003-C395-4613-A14B-E38DFDC74438}.Debug|x86.Build.0 = Debug|Any CPU
		{431CE003-C395-4613-A14B-E38DFDC74438}.Release|Any CPU.ActiveCfg = Release|Any CPU
		{431CE003-C395-4613-A14B-E38DFDC74438}.Release|Any CPU.Build.0 = Release|Any CPU
		{431CE003-C395-4613-A14B-E38DFDC74438}.Release|x64.ActiveCfg = Release|Any CPU
		{431CE003-C395-4613-A14B-E38DFDC74438}.Release|x64.Build.0 = Release|Any CPU
		{431CE003-C395-4613-A14B-E38DFDC74438}.Release|x86.ActiveCfg = Release|Any CPU
		{431CE003-C395-4613-A14B-E38DFDC74438}.Release|x86.Build.0 = Release|Any CPU
		{B72FE735-526D-4053-81D9-366920294FBE}.Debug|Any CPU.ActiveCfg = Debug|Any CPU
		{B72FE735-526D-4053-81D9-366920294FBE}.Debug|Any CPU.Build.0 = Debug|Any CPU
		{B72FE735-526D-4053-81D9-366920294FBE}.Debug|x64.ActiveCfg = Debug|Any CPU
		{B72FE735-526D-4053-81D9-366920294FBE}.Debug|x64.Build.0 = Debug|Any CPU
		{B72FE735-526D-4053-81D9-366920294FBE}.Debug|x86.ActiveCfg = Debug|Any CPU
		{B72FE735-526D-4053-81D9-366920294FBE}.Debug|x86.Build.0 = Debug|Any CPU
		{B72FE735-526D-4053-81D9-366920294FBE}.Release|Any CPU.ActiveCfg = Release|Any CPU
		{B72FE735-526D-4053-81D9-366920294FBE}.Release|Any CPU.Build.0 = Release|Any CPU
		{B72FE735-526D-4053-81D9-366920294FBE}.Release|x64.ActiveCfg = Release|Any CPU
		{B72FE735-526D-4053-81D9-366920294FBE}.Release|x64.Build.0 = Release|Any CPU
		{B72FE735-526D-4053-81D9-366920294FBE}.Release|x86.ActiveCfg = Release|Any CPU
		{B72FE735-526D-4053-81D9-366920294FBE}.Release|x86.Build.0 = Release|Any CPU
		{D441846E-4D24-487A-B05F-1DF4581544FF}.Debug|Any CPU.ActiveCfg = Debug|Any CPU
		{D441846E-4D24-487A-B05F-1DF4581544FF}.Debug|Any CPU.Build.0 = Debug|Any CPU
		{D441846E-4D24-487A-B05F-1DF4581544FF}.Debug|x64.ActiveCfg = Debug|Any CPU
		{D441846E-4D24-487A-B05F-1DF4581544FF}.Debug|x64.Build.0 = Debug|Any CPU
		{D441846E-4D24-487A-B05F-1DF4581544FF}.Debug|x86.ActiveCfg = Debug|Any CPU
		{D441846E-4D24-487A-B05F-1DF4581544FF}.Debug|x86.Build.0 = Debug|Any CPU
		{D441846E-4D24-487A-B05F-1DF4581544FF}.Release|Any CPU.ActiveCfg = Release|Any CPU
		{D441846E-4D24-487A-B05F-1DF4581544FF}.Release|Any CPU.Build.0 = Release|Any CPU
		{D441846E-4D24-487A-B05F-1DF4581544FF}.Release|x64.ActiveCfg = Release|Any CPU
		{D441846E-4D24-487A-B05F-1DF4581544FF}.Release|x64.Build.0 = Release|Any CPU
		{D441846E-4D24-487A-B05F-1DF4581544FF}.Release|x86.ActiveCfg = Release|Any CPU
		{D441846E-4D24-487A-B05F-1DF4581544FF}.Release|x86.Build.0 = Release|Any CPU
		{816FFE4B-E4B2-405A-9E66-E7B566D2A19D}.Debug|Any CPU.ActiveCfg = Debug|Any CPU
		{816FFE4B-E4B2-405A-9E66-E7B566D2A19D}.Debug|Any CPU.Build.0 = Debug|Any CPU
		{816FFE4B-E4B2-405A-9E66-E7B566D2A19D}.Debug|x64.ActiveCfg = Debug|Any CPU
		{816FFE4B-E4B2-405A-9E66-E7B566D2A19D}.Debug|x64.Build.0 = Debug|Any CPU
		{816FFE4B-E4B2-405A-9E66-E7B566D2A19D}.Debug|x86.ActiveCfg = Debug|Any CPU
		{816FFE4B-E4B2-405A-9E66-E7B566D2A19D}.Debug|x86.Build.0 = Debug|Any CPU
		{816FFE4B-E4B2-405A-9E66-E7B566D2A19D}.Release|Any CPU.ActiveCfg = Release|Any CPU
		{816FFE4B-E4B2-405A-9E66-E7B566D2A19D}.Release|Any CPU.Build.0 = Release|Any CPU
		{816FFE4B-E4B2-405A-9E66-E7B566D2A19D}.Release|x64.ActiveCfg = Release|Any CPU
		{816FFE4B-E4B2-405A-9E66-E7B566D2A19D}.Release|x64.Build.0 = Release|Any CPU
		{816FFE4B-E4B2-405A-9E66-E7B566D2A19D}.Release|x86.ActiveCfg = Release|Any CPU
		{816FFE4B-E4B2-405A-9E66-E7B566D2A19D}.Release|x86.Build.0 = Release|Any CPU
		{8AEAE098-3B9C-4224-9E48-EEF5FF6AD2A9}.Debug|Any CPU.ActiveCfg = Debug|Any CPU
		{8AEAE098-3B9C-4224-9E48-EEF5FF6AD2A9}.Debug|Any CPU.Build.0 = Debug|Any CPU
		{8AEAE098-3B9C-4224-9E48-EEF5FF6AD2A9}.Debug|x64.ActiveCfg = Debug|Any CPU
		{8AEAE098-3B9C-4224-9E48-EEF5FF6AD2A9}.Debug|x64.Build.0 = Debug|Any CPU
		{8AEAE098-3B9C-4224-9E48-EEF5FF6AD2A9}.Debug|x86.ActiveCfg = Debug|Any CPU
		{8AEAE098-3B9C-4224-9E48-EEF5FF6AD2A9}.Debug|x86.Build.0 = Debug|Any CPU
		{8AEAE098-3B9C-4224-9E48-EEF5FF6AD2A9}.Release|Any CPU.ActiveCfg = Release|Any CPU
		{8AEAE098-3B9C-4224-9E48-EEF5FF6AD2A9}.Release|Any CPU.Build.0 = Release|Any CPU
		{8AEAE098-3B9C-4224-9E48-EEF5FF6AD2A9}.Release|x64.ActiveCfg = Release|Any CPU
		{8AEAE098-3B9C-4224-9E48-EEF5FF6AD2A9}.Release|x64.Build.0 = Release|Any CPU
		{8AEAE098-3B9C-4224-9E48-EEF5FF6AD2A9}.Release|x86.ActiveCfg = Release|Any CPU
		{8AEAE098-3B9C-4224-9E48-EEF5FF6AD2A9}.Release|x86.Build.0 = Release|Any CPU
	EndGlobalSection
	GlobalSection(SolutionProperties) = preSolution
		HideSolutionNode = FALSE
	EndGlobalSection
	GlobalSection(ExtensibilityGlobals) = postSolution
		SolutionGuid = {48CEBC4B-D7B5-4DFC-A493-2429D5B0C955}
	EndGlobalSection
EndGlobal
